// !$*UTF8*$!
{
	archiveVersion = 1;
	classes = {
	};
	objectVersion = 55;
	objects = {

/* Begin PBXBuildFile section */
		3158C1C82771E1D00043C606 /* imageBasic.cpp in Sources */ = {isa = PBXBuildFile; fileRef = 3158C1C62771E1D00043C606 /* imageBasic.cpp */; };
		317C486A2778284B00BCF4A8 /* libopencv_core.4.5.4.dylib in Frameworks */ = {isa = PBXBuildFile; fileRef = 317C48662778284B00BCF4A8 /* libopencv_core.4.5.4.dylib */; };
		317C486B2778284B00BCF4A8 /* libopencv_imgcodecs.4.5.4.dylib in Frameworks */ = {isa = PBXBuildFile; fileRef = 317C48672778284B00BCF4A8 /* libopencv_imgcodecs.4.5.4.dylib */; };
		317C486C2778284B00BCF4A8 /* libopencv_imgproc.4.5.4.dylib in Frameworks */ = {isa = PBXBuildFile; fileRef = 317C48682778284B00BCF4A8 /* libopencv_imgproc.4.5.4.dylib */; };
		317C486D2778284B00BCF4A8 /* libopencv_highgui.4.5.4.dylib in Frameworks */ = {isa = PBXBuildFile; fileRef = 317C48692778284B00BCF4A8 /* libopencv_highgui.4.5.4.dylib */; };
		317C48702778288600BCF4A8 /* libopencv_video.4.5.4.dylib in Frameworks */ = {isa = PBXBuildFile; fileRef = 317C486E2778288600BCF4A8 /* libopencv_video.4.5.4.dylib */; };
		317C48712778288600BCF4A8 /* libopencv_videoio.4.5.4.dylib in Frameworks */ = {isa = PBXBuildFile; fileRef = 317C486F2778288600BCF4A8 /* libopencv_videoio.4.5.4.dylib */; };
		317C48742779AA1000BCF4A8 /* imageColorSpace.cpp in Sources */ = {isa = PBXBuildFile; fileRef = 317C48722779AA1000BCF4A8 /* imageColorSpace.cpp */; };
		317C4877277ACA0200BCF4A8 /* imageConv.cpp in Sources */ = {isa = PBXBuildFile; fileRef = 317C4875277ACA0200BCF4A8 /* imageConv.cpp */; };
		317C4879277B006A00BCF4A8 /* main.cpp in Sources */ = {isa = PBXBuildFile; fileRef = 317C4878277B006A00BCF4A8 /* main.cpp */; };
		317C487C277B00BC00BCF4A8 /* noiseGeneration.cpp in Sources */ = {isa = PBXBuildFile; fileRef = 317C487A277B00BC00BCF4A8 /* noiseGeneration.cpp */; };
		317C487F277C2CE500BCF4A8 /* linearFiltering.cpp in Sources */ = {isa = PBXBuildFile; fileRef = 317C487D277C2CE500BCF4A8 /* linearFiltering.cpp */; };
/* End PBXBuildFile section */

/* Begin PBXCopyFilesBuildPhase section */
		3158C0832771AA700043C606 /* CopyFiles */ = {
			isa = PBXCopyFilesBuildPhase;
			buildActionMask = 2147483647;
			dstPath = /usr/share/man/man1/;
			dstSubfolderSpec = 0;
			files = (
			);
			runOnlyForDeploymentPostprocessing = 1;
		};
/* End PBXCopyFilesBuildPhase section */

/* Begin PBXFileReference section */
		3158C0852771AA700043C606 /* OpencvNotes */ = {isa = PBXFileReference; explicitFileType = "compiled.mach-o.executable"; includeInIndex = 0; path = OpencvNotes; sourceTree = BUILT_PRODUCTS_DIR; };
		3158C1BB2771C1EE0043C606 /* data */ = {isa = PBXFileReference; lastKnownFileType = folder; path = data; sourceTree = "<group>"; };
		3158C1C62771E1D00043C606 /* imageBasic.cpp */ = {isa = PBXFileReference; lastKnownFileType = sourcecode.cpp.cpp; path = imageBasic.cpp; sourceTree = "<group>"; };
		3158C1C72771E1D00043C606 /* imageBasic.hpp */ = {isa = PBXFileReference; lastKnownFileType = sourcecode.cpp.h; path = imageBasic.hpp; sourceTree = "<group>"; };
		3158C1C92771E58E0043C606 /* README.md */ = {isa = PBXFileReference; lastKnownFileType = net.daringfireball.markdown; path = README.md; sourceTree = "<group>"; };
		317C48662778284B00BCF4A8 /* libopencv_core.4.5.4.dylib */ = {isa = PBXFileReference; lastKnownFileType = "compiled.mach-o.dylib"; name = libopencv_core.4.5.4.dylib; path = ../../../../usr/local/Cellar/opencv/4.5.4/lib/libopencv_core.4.5.4.dylib; sourceTree = "<group>"; };
		317C48672778284B00BCF4A8 /* libopencv_imgcodecs.4.5.4.dylib */ = {isa = PBXFileReference; lastKnownFileType = "compiled.mach-o.dylib"; name = libopencv_imgcodecs.4.5.4.dylib; path = ../../../../usr/local/Cellar/opencv/4.5.4/lib/libopencv_imgcodecs.4.5.4.dylib; sourceTree = "<group>"; };
		317C48682778284B00BCF4A8 /* libopencv_imgproc.4.5.4.dylib */ = {isa = PBXFileReference; lastKnownFileType = "compiled.mach-o.dylib"; name = libopencv_imgproc.4.5.4.dylib; path = ../../../../usr/local/Cellar/opencv/4.5.4/lib/libopencv_imgproc.4.5.4.dylib; sourceTree = "<group>"; };
		317C48692778284B00BCF4A8 /* libopencv_highgui.4.5.4.dylib */ = {isa = PBXFileReference; lastKnownFileType = "compiled.mach-o.dylib"; name = libopencv_highgui.4.5.4.dylib; path = ../../../../usr/local/Cellar/opencv/4.5.4/lib/libopencv_highgui.4.5.4.dylib; sourceTree = "<group>"; };
		317C486E2778288600BCF4A8 /* libopencv_video.4.5.4.dylib */ = {isa = PBXFileReference; lastKnownFileType = "compiled.mach-o.dylib"; name = libopencv_video.4.5.4.dylib; path = ../../../../usr/local/Cellar/opencv/4.5.4/lib/libopencv_video.4.5.4.dylib; sourceTree = "<group>"; };
		317C486F2778288600BCF4A8 /* libopencv_videoio.4.5.4.dylib */ = {isa = PBXFileReference; lastKnownFileType = "compiled.mach-o.dylib"; name = libopencv_videoio.4.5.4.dylib; path = ../../../../usr/local/Cellar/opencv/4.5.4/lib/libopencv_videoio.4.5.4.dylib; sourceTree = "<group>"; };
		317C48722779AA1000BCF4A8 /* imageColorSpace.cpp */ = {isa = PBXFileReference; lastKnownFileType = sourcecode.cpp.cpp; path = imageColorSpace.cpp; sourceTree = "<group>"; };
		317C48732779AA1000BCF4A8 /* imageColorSpace.hpp */ = {isa = PBXFileReference; lastKnownFileType = sourcecode.cpp.h; path = imageColorSpace.hpp; sourceTree = "<group>"; };
		317C4875277ACA0200BCF4A8 /* imageConv.cpp */ = {isa = PBXFileReference; lastKnownFileType = sourcecode.cpp.cpp; path = imageConv.cpp; sourceTree = "<group>"; };
		317C4876277ACA0200BCF4A8 /* imageConv.hpp */ = {isa = PBXFileReference; lastKnownFileType = sourcecode.cpp.h; path = imageConv.hpp; sourceTree = "<group>"; };
		317C4878277B006A00BCF4A8 /* main.cpp */ = {isa = PBXFileReference; lastKnownFileType = sourcecode.cpp.cpp; path = main.cpp; sourceTree = "<group>"; };
		317C487A277B00BC00BCF4A8 /* noiseGeneration.cpp */ = {isa = PBXFileReference; lastKnownFileType = sourcecode.cpp.cpp; path = noiseGeneration.cpp; sourceTree = "<group>"; };
		317C487B277B00BC00BCF4A8 /* noiseGeneration.hpp */ = {isa = PBXFileReference; lastKnownFileType = sourcecode.cpp.h; path = noiseGeneration.hpp; sourceTree = "<group>"; };
		317C487D277C2CE500BCF4A8 /* linearFiltering.cpp */ = {isa = PBXFileReference; lastKnownFileType = sourcecode.cpp.cpp; path = linearFiltering.cpp; sourceTree = "<group>"; };
		317C487E277C2CE500BCF4A8 /* linearFiltering.hpp */ = {isa = PBXFileReference; lastKnownFileType = sourcecode.cpp.h; path = linearFiltering.hpp; sourceTree = "<group>"; };
		31BAB5E2277802CB00D89CD2 /* libopencv_highgui.4.5.4.dylib */ = {isa = PBXFileReference; lastKnownFileType = "compiled.mach-o.dylib"; name = libopencv_highgui.4.5.4.dylib; path = ../../../../usr/local/lib/libopencv_highgui.4.5.4.dylib; sourceTree = "<group>"; };
		31BAB5E3277802CB00D89CD2 /* libopencv_core.4.5.4.dylib */ = {isa = PBXFileReference; lastKnownFileType = "compiled.mach-o.dylib"; name = libopencv_core.4.5.4.dylib; path = ../../../../usr/local/lib/libopencv_core.4.5.4.dylib; sourceTree = "<group>"; };
		31BAB5E4277802CB00D89CD2 /* libopencv_imgcodecs.4.5.4.dylib */ = {isa = PBXFileReference; lastKnownFileType = "compiled.mach-o.dylib"; name = libopencv_imgcodecs.4.5.4.dylib; path = ../../../../usr/local/lib/libopencv_imgcodecs.4.5.4.dylib; sourceTree = "<group>"; };
		31BAB5E5277802CB00D89CD2 /* libopencv_imgproc.4.5.4.dylib */ = {isa = PBXFileReference; lastKnownFileType = "compiled.mach-o.dylib"; name = libopencv_imgproc.4.5.4.dylib; path = ../../../../usr/local/lib/libopencv_imgproc.4.5.4.dylib; sourceTree = "<group>"; };
/* End PBXFileReference section */

/* Begin PBXFrameworksBuildPhase section */
		3158C0822771AA700043C606 /* Frameworks */ = {
			isa = PBXFrameworksBuildPhase;
			buildActionMask = 2147483647;
			files = (
				317C48702778288600BCF4A8 /* libopencv_video.4.5.4.dylib in Frameworks */,
				317C48712778288600BCF4A8 /* libopencv_videoio.4.5.4.dylib in Frameworks */,
				317C486A2778284B00BCF4A8 /* libopencv_core.4.5.4.dylib in Frameworks */,
				317C486B2778284B00BCF4A8 /* libopencv_imgcodecs.4.5.4.dylib in Frameworks */,
				317C486C2778284B00BCF4A8 /* libopencv_imgproc.4.5.4.dylib in Frameworks */,
				317C486D2778284B00BCF4A8 /* libopencv_highgui.4.5.4.dylib in Frameworks */,
			);
			runOnlyForDeploymentPostprocessing = 0;
		};
/* End PBXFrameworksBuildPhase section */

/* Begin PBXGroup section */
		3158C07C2771AA700043C606 = {
			isa = PBXGroup;
			children = (
				3158C1C92771E58E0043C606 /* README.md */,
				3158C0872771AA700043C606 /* OpencvNotes */,
				3158C0862771AA700043C606 /* Products */,
				31BAB5E1277802CB00D89CD2 /* Frameworks */,
			);
			sourceTree = "<group>";
		};
		3158C0862771AA700043C606 /* Products */ = {
			isa = PBXGroup;
			children = (
				3158C0852771AA700043C606 /* OpencvNotes */,
			);
			name = Products;
			sourceTree = "<group>";
		};
		3158C0872771AA700043C606 /* OpencvNotes */ = {
			isa = PBXGroup;
			children = (
				3158C1BB2771C1EE0043C606 /* data */,
				317C4878277B006A00BCF4A8 /* main.cpp */,
				3158C1C62771E1D00043C606 /* imageBasic.cpp */,
				3158C1C72771E1D00043C606 /* imageBasic.hpp */,
				317C48722779AA1000BCF4A8 /* imageColorSpace.cpp */,
				317C48732779AA1000BCF4A8 /* imageColorSpace.hpp */,
				317C4875277ACA0200BCF4A8 /* imageConv.cpp */,
				317C4876277ACA0200BCF4A8 /* imageConv.hpp */,
				317C487A277B00BC00BCF4A8 /* noiseGeneration.cpp */,
				317C487B277B00BC00BCF4A8 /* noiseGeneration.hpp */,
				317C487D277C2CE500BCF4A8 /* linearFiltering.cpp */,
				317C487E277C2CE500BCF4A8 /* linearFiltering.hpp */,
			);
			path = OpencvNotes;
			sourceTree = "<group>";
		};
		31BAB5E1277802CB00D89CD2 /* Frameworks */ = {
			isa = PBXGroup;
			children = (
				317C486E2778288600BCF4A8 /* libopencv_video.4.5.4.dylib */,
				317C486F2778288600BCF4A8 /* libopencv_videoio.4.5.4.dylib */,
				317C48662778284B00BCF4A8 /* libopencv_core.4.5.4.dylib */,
				317C48692778284B00BCF4A8 /* libopencv_highgui.4.5.4.dylib */,
				317C48672778284B00BCF4A8 /* libopencv_imgcodecs.4.5.4.dylib */,
				317C48682778284B00BCF4A8 /* libopencv_imgproc.4.5.4.dylib */,
				31BAB5E3277802CB00D89CD2 /* libopencv_core.4.5.4.dylib */,
				31BAB5E2277802CB00D89CD2 /* libopencv_highgui.4.5.4.dylib */,
				31BAB5E4277802CB00D89CD2 /* libopencv_imgcodecs.4.5.4.dylib */,
				31BAB5E5277802CB00D89CD2 /* libopencv_imgproc.4.5.4.dylib */,
			);
			name = Frameworks;
			sourceTree = "<group>";
		};
/* End PBXGroup section */

/* Begin PBXNativeTarget section */
		3158C0842771AA700043C606 /* OpencvNotes */ = {
			isa = PBXNativeTarget;
			buildConfigurationList = 3158C08C2771AA700043C606 /* Build configuration list for PBXNativeTarget "OpencvNotes" */;
			buildPhases = (
				3158C0812771AA700043C606 /* Sources */,
				3158C0822771AA700043C606 /* Frameworks */,
				3158C0832771AA700043C606 /* CopyFiles */,
			);
			buildRules = (
			);
			dependencies = (
			);
			name = OpencvNotes;
			productName = OpencvNotes;
			productReference = 3158C0852771AA700043C606 /* OpencvNotes */;
			productType = "com.apple.product-type.tool";
		};
/* End PBXNativeTarget section */

/* Begin PBXProject section */
		3158C07D2771AA700043C606 /* Project object */ = {
			isa = PBXProject;
			attributes = {
				BuildIndependentTargetsInParallel = 1;
				LastUpgradeCheck = 1320;
				TargetAttributes = {
					3158C0842771AA700043C606 = {
						CreatedOnToolsVersion = 13.2.1;
					};
				};
			};
			buildConfigurationList = 3158C0802771AA700043C606 /* Build configuration list for PBXProject "OpencvNotes" */;
			compatibilityVersion = "Xcode 13.0";
			developmentRegion = en;
			hasScannedForEncodings = 0;
			knownRegions = (
				en,
				Base,
			);
			mainGroup = 3158C07C2771AA700043C606;
			productRefGroup = 3158C0862771AA700043C606 /* Products */;
			projectDirPath = "";
			projectRoot = "";
			targets = (
				3158C0842771AA700043C606 /* OpencvNotes */,
			);
		};
/* End PBXProject section */

/* Begin PBXSourcesBuildPhase section */
		3158C0812771AA700043C606 /* Sources */ = {
			isa = PBXSourcesBuildPhase;
			buildActionMask = 2147483647;
			files = (
				317C487C277B00BC00BCF4A8 /* noiseGeneration.cpp in Sources */,
				3158C1C82771E1D00043C606 /* imageBasic.cpp in Sources */,
				317C48742779AA1000BCF4A8 /* imageColorSpace.cpp in Sources */,
				317C487F277C2CE500BCF4A8 /* linearFiltering.cpp in Sources */,
				317C4879277B006A00BCF4A8 /* main.cpp in Sources */,
				317C4877277ACA0200BCF4A8 /* imageConv.cpp in Sources */,
			);
			runOnlyForDeploymentPostprocessing = 0;
		};
/* End PBXSourcesBuildPhase section */

/* Begin XCBuildConfiguration section */
		3158C08A2771AA700043C606 /* Debug */ = {
			isa = XCBuildConfiguration;
			buildSettings = {
				ALWAYS_SEARCH_USER_PATHS = NO;
				CLANG_ANALYZER_NONNULL = YES;
				CLANG_ANALYZER_NUMBER_OBJECT_CONVERSION = YES_AGGRESSIVE;
				CLANG_CXX_LANGUAGE_STANDARD = "gnu++17";
				CLANG_CXX_LIBRARY = "libc++";
				CLANG_ENABLE_MODULES = YES;
				CLANG_ENABLE_OBJC_ARC = YES;
				CLANG_ENABLE_OBJC_WEAK = YES;
				CLANG_WARN_BLOCK_CAPTURE_AUTORELEASING = YES;
				CLANG_WARN_BOOL_CONVERSION = YES;
				CLANG_WARN_COMMA = YES;
				CLANG_WARN_CONSTANT_CONVERSION = YES;
				CLANG_WARN_DEPRECATED_OBJC_IMPLEMENTATIONS = YES;
				CLANG_WARN_DIRECT_OBJC_ISA_USAGE = YES_ERROR;
				CLANG_WARN_DOCUMENTATION_COMMENTS = YES;
				CLANG_WARN_EMPTY_BODY = YES;
				CLANG_WARN_ENUM_CONVERSION = YES;
				CLANG_WARN_INFINITE_RECURSION = YES;
				CLANG_WARN_INT_CONVERSION = YES;
				CLANG_WARN_NON_LITERAL_NULL_CONVERSION = YES;
				CLANG_WARN_OBJC_IMPLICIT_RETAIN_SELF = YES;
				CLANG_WARN_OBJC_LITERAL_CONVERSION = YES;
				CLANG_WARN_OBJC_ROOT_CLASS = YES_ERROR;
				CLANG_WARN_QUOTED_INCLUDE_IN_FRAMEWORK_HEADER = YES;
				CLANG_WARN_RANGE_LOOP_ANALYSIS = YES;
				CLANG_WARN_STRICT_PROTOTYPES = YES;
				CLANG_WARN_SUSPICIOUS_MOVE = YES;
				CLANG_WARN_UNGUARDED_AVAILABILITY = YES_AGGRESSIVE;
				CLANG_WARN_UNREACHABLE_CODE = YES;
				CLANG_WARN__DUPLICATE_METHOD_MATCH = YES;
				COPY_PHASE_STRIP = NO;
				DEBUG_INFORMATION_FORMAT = dwarf;
				ENABLE_STRICT_OBJC_MSGSEND = YES;
				ENABLE_TESTABILITY = YES;
				GCC_C_LANGUAGE_STANDARD = gnu11;
				GCC_DYNAMIC_NO_PIC = NO;
				GCC_NO_COMMON_BLOCKS = YES;
				GCC_OPTIMIZATION_LEVEL = 0;
				GCC_PREPROCESSOR_DEFINITIONS = (
					"DEBUG=1",
					"$(inherited)",
				);
				GCC_WARN_64_TO_32_BIT_CONVERSION = YES;
				GCC_WARN_ABOUT_RETURN_TYPE = YES_ERROR;
				GCC_WARN_UNDECLARED_SELECTOR = YES;
				GCC_WARN_UNINITIALIZED_AUTOS = YES_AGGRESSIVE;
				GCC_WARN_UNUSED_FUNCTION = YES;
				GCC_WARN_UNUSED_VARIABLE = YES;
				MACOSX_DEPLOYMENT_TARGET = 12.1;
				MTL_ENABLE_DEBUG_INFO = INCLUDE_SOURCE;
				MTL_FAST_MATH = YES;
				ONLY_ACTIVE_ARCH = YES;
				SDKROOT = macosx;
			};
			name = Debug;
		};
		3158C08B2771AA700043C606 /* Release */ = {
			isa = XCBuildConfiguration;
			buildSettings = {
				ALWAYS_SEARCH_USER_PATHS = NO;
				CLANG_ANALYZER_NONNULL = YES;
				CLANG_ANALYZER_NUMBER_OBJECT_CONVERSION = YES_AGGRESSIVE;
				CLANG_CXX_LANGUAGE_STANDARD = "gnu++17";
				CLANG_CXX_LIBRARY = "libc++";
				CLANG_ENABLE_MODULES = YES;
				CLANG_ENABLE_OBJC_ARC = YES;
				CLANG_ENABLE_OBJC_WEAK = YES;
				CLANG_WARN_BLOCK_CAPTURE_AUTORELEASING = YES;
				CLANG_WARN_BOOL_CONVERSION = YES;
				CLANG_WARN_COMMA = YES;
				CLANG_WARN_CONSTANT_CONVERSION = YES;
				CLANG_WARN_DEPRECATED_OBJC_IMPLEMENTATIONS = YES;
				CLANG_WARN_DIRECT_OBJC_ISA_USAGE = YES_ERROR;
				CLANG_WARN_DOCUMENTATION_COMMENTS = YES;
				CLANG_WARN_EMPTY_BODY = YES;
				CLANG_WARN_ENUM_CONVERSION = YES;
				CLANG_WARN_INFINITE_RECURSION = YES;
				CLANG_WARN_INT_CONVERSION = YES;
				CLANG_WARN_NON_LITERAL_NULL_CONVERSION = YES;
				CLANG_WARN_OBJC_IMPLICIT_RETAIN_SELF = YES;
				CLANG_WARN_OBJC_LITERAL_CONVERSION = YES;
				CLANG_WARN_OBJC_ROOT_CLASS = YES_ERROR;
				CLANG_WARN_QUOTED_INCLUDE_IN_FRAMEWORK_HEADER = YES;
				CLANG_WARN_RANGE_LOOP_ANALYSIS = YES;
				CLANG_WARN_STRICT_PROTOTYPES = YES;
				CLANG_WARN_SUSPICIOUS_MOVE = YES;
				CLANG_WARN_UNGUARDED_AVAILABILITY = YES_AGGRESSIVE;
				CLANG_WARN_UNREACHABLE_CODE = YES;
				CLANG_WARN__DUPLICATE_METHOD_MATCH = YES;
				COPY_PHASE_STRIP = NO;
				DEBUG_INFORMATION_FORMAT = "dwarf-with-dsym";
				ENABLE_NS_ASSERTIONS = NO;
				ENABLE_STRICT_OBJC_MSGSEND = YES;
				GCC_C_LANGUAGE_STANDARD = gnu11;
				GCC_NO_COMMON_BLOCKS = YES;
				GCC_WARN_64_TO_32_BIT_CONVERSION = YES;
				GCC_WARN_ABOUT_RETURN_TYPE = YES_ERROR;
				GCC_WARN_UNDECLARED_SELECTOR = YES;
				GCC_WARN_UNINITIALIZED_AUTOS = YES_AGGRESSIVE;
				GCC_WARN_UNUSED_FUNCTION = YES;
				GCC_WARN_UNUSED_VARIABLE = YES;
				MACOSX_DEPLOYMENT_TARGET = 12.1;
				MTL_ENABLE_DEBUG_INFO = NO;
				MTL_FAST_MATH = YES;
				SDKROOT = macosx;
			};
			name = Release;
		};
		3158C08D2771AA700043C606 /* Debug */ = {
			isa = XCBuildConfiguration;
			buildSettings = {
				CODE_SIGN_STYLE = Automatic;
				HEADER_SEARCH_PATHS = /usr/local/Cellar/opencv/4.5.4/include/opencv4;
				LIBRARY_SEARCH_PATHS = (
					/usr/local/Cellar/opencv/4.5.4/lib,
					/usr/local/lib,
				);
				PRODUCT_NAME = "$(TARGET_NAME)";
			};
			name = Debug;
		};
		3158C08E2771AA700043C606 /* Release */ = {
			isa = XCBuildConfiguration;
			buildSettings = {
				CODE_SIGN_STYLE = Automatic;
				HEADER_SEARCH_PATHS = /usr/local/Cellar/opencv/4.5.4/include/opencv4;
				LIBRARY_SEARCH_PATHS = (
					/usr/local/Cellar/opencv/4.5.4/lib,
					/usr/local/lib,
				);
				PRODUCT_NAME = "$(TARGET_NAME)";
			};
			name = Release;
		};
/* End XCBuildConfiguration section */

/* Begin XCConfigurationList section */
		3158C0802771AA700043C606 /* Build configuration list for PBXProject "OpencvNotes" */ = {
			isa = XCConfigurationList;
			buildConfigurations = (
				3158C08A2771AA700043C606 /* Debug */,
				3158C08B2771AA700043C606 /* Release */,
			);
			defaultConfigurationIsVisible = 0;
			defaultConfigurationName = Release;
		};
		3158C08C2771AA700043C606 /* Build configuration list for PBXNativeTarget "OpencvNotes" */ = {
			isa = XCConfigurationList;
			buildConfigurations = (
				3158C08D2771AA700043C606 /* Debug */,
				3158C08E2771AA700043C606 /* Release */,
			);
			defaultConfigurationIsVisible = 0;
			defaultConfigurationName = Release;
		};
/* End XCConfigurationList section */
	};
	rootObject = 3158C07D2771AA700043C606 /* Project object */;
}
